#include <iostream>
#include <vector>
#include<deque>
using namespace std;

vector<int> minsubarray(vector<int> A, int k){
deque<int> mydeque;
while (mydeque.size()) mydeque.pop_front();
vector<int> ans;
for(int i=0; i<A.size();++i){
while(mydeque.size()&&A[mydeque.back()]>=A[i]) mydeque.pop_back();
mydeque.push_back(i);
if(mydeque.front()+k<=i)
mydeque.pop_front();
if(i>=k)
    ans.push_back(A[mydeque.front()]);}
return ans;
}
int main()
{
int k;
cin>> k;
int N;
cin>> N;
vector<int> A(N);
for(int i=0; i<N; i++){
    cin >> A[i];
}
vector<int> ans= minsubarray(A,k);
for(int i=0; i<ans.size();i++){
    cout<< ans[i];
}
return 0;
}
